
Microsoft Visual Studio Solution File, Format Version 12.00
# Visual Studio 15
VisualStudioVersion = 15.0.27130.2020
MinimumVisualStudioVersion = 10.0.40219.1
Project("{FAE04EC0-301F-11D3-BF4B-00C04F79EFBC}") = "FDPN", "FDPN\FDPN.csproj", "{78955757-CD90-4EF7-BDEA-2AAFB9BD9B94}"
EndProject
Project("{FAE04EC0-301F-11D3-BF4B-00C04F79EFBC}") = "InscripcionACurso", "InscripcionACurso\InscripcionACurso.csproj", "{104191BA-5E25-4520-90EC-DDAC031F8E9D}"
EndProject
Project("{FAE04EC0-301F-11D3-BF4B-00C04F79EFBC}") = "InscripcionNatacion", "..\..\InscripcionesNatacion\InscripcionNatacion\InscripcionNatacion\InscripcionNatacion.csproj", "{10642C27-2F89-46EF-993D-35CAAE58A5B6}"
EndProject
Project("{FAE04EC0-301F-11D3-BF4B-00C04F79EFBC}") = "ImportarInicial", "..\..\InscripcionesNatacion\InscripcionNatacion\ImportarInicial\ImportarInicial.csproj", "{6A51D281-7590-4EDB-97FB-155FACF45514}"
EndProject
Project("{FAE04EC0-301F-11D3-BF4B-00C04F79EFBC}") = "AfiliacionesNatacion", "..\..\AfiliacionesNatacion\AfiliacionesNatacion\AfiliacionesNatacion.csproj", "{D2BA58E6-72FB-4DBE-B792-307E077FAC7A}"
EndProject
Global
	GlobalSection(SolutionConfigurationPlatforms) = preSolution
		Debug|Any CPU = Debug|Any CPU
		Release|Any CPU = Release|Any CPU
	EndGlobalSection
	GlobalSection(ProjectConfigurationPlatforms) = postSolution
		{78955757-CD90-4EF7-BDEA-2AAFB9BD9B94}.Debug|Any CPU.ActiveCfg = Debug|Any CPU
		{78955757-CD90-4EF7-BDEA-2AAFB9BD9B94}.Debug|Any CPU.Build.0 = Debug|Any CPU
		{78955757-CD90-4EF7-BDEA-2AAFB9BD9B94}.Release|Any CPU.ActiveCfg = Release|Any CPU
		{78955757-CD90-4EF7-BDEA-2AAFB9BD9B94}.Release|Any CPU.Build.0 = Release|Any CPU
		{104191BA-5E25-4520-90EC-DDAC031F8E9D}.Debug|Any CPU.ActiveCfg = Debug|Any CPU
		{104191BA-5E25-4520-90EC-DDAC031F8E9D}.Debug|Any CPU.Build.0 = Debug|Any CPU
		{104191BA-5E25-4520-90EC-DDAC031F8E9D}.Release|Any CPU.ActiveCfg = Release|Any CPU
		{104191BA-5E25-4520-90EC-DDAC031F8E9D}.Release|Any CPU.Build.0 = Release|Any CPU
		{10642C27-2F89-46EF-993D-35CAAE58A5B6}.Debug|Any CPU.ActiveCfg = Debug|Any CPU
		{10642C27-2F89-46EF-993D-35CAAE58A5B6}.Debug|Any CPU.Build.0 = Debug|Any CPU
		{10642C27-2F89-46EF-993D-35CAAE58A5B6}.Release|Any CPU.ActiveCfg = Release|Any CPU
		{10642C27-2F89-46EF-993D-35CAAE58A5B6}.Release|Any CPU.Build.0 = Release|Any CPU
		{6A51D281-7590-4EDB-97FB-155FACF45514}.Debug|Any CPU.ActiveCfg = Debug|Any CPU
		{6A51D281-7590-4EDB-97FB-155FACF45514}.Debug|Any CPU.Build.0 = Debug|Any CPU
		{6A51D281-7590-4EDB-97FB-155FACF45514}.Release|Any CPU.ActiveCfg = Release|Any CPU
		{6A51D281-7590-4EDB-97FB-155FACF45514}.Release|Any CPU.Build.0 = Release|Any CPU
		{D2BA58E6-72FB-4DBE-B792-307E077FAC7A}.Debug|Any CPU.ActiveCfg = Debug|Any CPU
		{D2BA58E6-72FB-4DBE-B792-307E077FAC7A}.Debug|Any CPU.Build.0 = Debug|Any CPU
		{D2BA58E6-72FB-4DBE-B792-307E077FAC7A}.Release|Any CPU.ActiveCfg = Release|Any CPU
		{D2BA58E6-72FB-4DBE-B792-307E077FAC7A}.Release|Any CPU.Build.0 = Release|Any CPU
	EndGlobalSection
	GlobalSection(SolutionProperties) = preSolution
		HideSolutionNode = FALSE
	EndGlobalSection
	GlobalSection(ExtensibilityGlobals) = postSolution
		SolutionGuid = {DF2F3539-5EE2-46B1-BF79-96D708C8B252}
	EndGlobalSection
EndGlobal
