
Microsoft Visual Studio Solution File, Format Version 12.00
# Visual Studio Version 16
VisualStudioVersion = 16.0.30914.41
MinimumVisualStudioVersion = 10.0.40219.1
Project("{FAE04EC0-301F-11D3-BF4B-00C04F79EFBC}") = "FDPN", "FDPN\FDPN.csproj", "{78955757-CD90-4EF7-BDEA-2AAFB9BD9B94}"
EndProject
Global
	GlobalSection(SolutionConfigurationPlatforms) = preSolution
		Debug|Any CPU = Debug|Any CPU
		Release|Any CPU = Release|Any CPU
	EndGlobalSection
	GlobalSection(ProjectConfigurationPlatforms) = postSolution
		{78955757-CD90-4EF7-BDEA-2AAFB9BD9B94}.Debug|Any CPU.ActiveCfg = Debug|Any CPU
		{78955757-CD90-4EF7-BDEA-2AAFB9BD9B94}.Debug|Any CPU.Build.0 = Debug|Any CPU
		{78955757-CD90-4EF7-BDEA-2AAFB9BD9B94}.Release|Any CPU.ActiveCfg = Release|Any CPU
		{78955757-CD90-4EF7-BDEA-2AAFB9BD9B94}.Release|Any CPU.Build.0 = Release|Any CPU
	EndGlobalSection
	GlobalSection(SolutionProperties) = preSolution
		HideSolutionNode = FALSE
	EndGlobalSection
	GlobalSection(ExtensibilityGlobals) = postSolution
		SolutionGuid = {001C91B7-C530-43E0-BC13-A54EC2858BC9}
	EndGlobalSection
EndGlobal
